
Microsoft Visual Studio Solution File, Format Version 12.00
# Visual Studio Version 17
VisualStudioVersion = 17.11.35327.3
MinimumVisualStudioVersion = 10.0.40219.1
Project("{FAE04EC0-301F-11D3-BF4B-00C04F79EFBC}") = "MinAppApi", "MinAppApi\MinAppApi.csproj", "{B1D6FA56-6312-45C3-8B36-AEEF6F57E7CB}"
EndProject
Global
	GlobalSection(SolutionConfigurationPlatforms) = preSolution
		Debug|Any CPU = Debug|Any CPU
		Release|Any CPU = Release|Any CPU
	EndGlobalSection
	GlobalSection(ProjectConfigurationPlatforms) = postSolution
		{B1D6FA56-6312-45C3-8B36-AEEF6F57E7CB}.Debug|Any CPU.ActiveCfg = Debug|Any CPU
		{B1D6FA56-6312-45C3-8B36-AEEF6F57E7CB}.Debug|Any CPU.Build.0 = Debug|Any CPU
		{B1D6FA56-6312-45C3-8B36-AEEF6F57E7CB}.Release|Any CPU.ActiveCfg = Release|Any CPU
		{B1D6FA56-6312-45C3-8B36-AEEF6F57E7CB}.Release|Any CPU.Build.0 = Release|Any CPU
	EndGlobalSection
	GlobalSection(SolutionProperties) = preSolution
		HideSolutionNode = FALSE
	EndGlobalSection
	GlobalSection(ExtensibilityGlobals) = postSolution
		SolutionGuid = {9C034986-AC74-4FCC-90A9-BE0D6867ECBA}
	EndGlobalSection
EndGlobal
